
Microsoft Visual Studio Solution File, Format Version 12.00
# Visual Studio Version 16
VisualStudioVersion = 16.0.30503.244
MinimumVisualStudioVersion = 10.0.40219.1
Project("{FAE04EC0-301F-11D3-BF4B-00C04F79EFBC}") = "MyScriptureJournal", "MyScriptureJournal.csproj", "{CC8BC390-FF7D-4B07-80EB-E2B406EE2C98}"
EndProject
Global
	GlobalSection(SolutionConfigurationPlatforms) = preSolution
		Debug|Any CPU = Debug|Any CPU
		Release|Any CPU = Release|Any CPU
	EndGlobalSection
	GlobalSection(ProjectConfigurationPlatforms) = postSolution
		{CC8BC390-FF7D-4B07-80EB-E2B406EE2C98}.Debug|Any CPU.ActiveCfg = Debug|Any CPU
		{CC8BC390-FF7D-4B07-80EB-E2B406EE2C98}.Debug|Any CPU.Build.0 = Debug|Any CPU
		{CC8BC390-FF7D-4B07-80EB-E2B406EE2C98}.Release|Any CPU.ActiveCfg = Release|Any CPU
		{CC8BC390-FF7D-4B07-80EB-E2B406EE2C98}.Release|Any CPU.Build.0 = Release|Any CPU
	EndGlobalSection
	GlobalSection(SolutionProperties) = preSolution
		HideSolutionNode = FALSE
	EndGlobalSection
	GlobalSection(ExtensibilityGlobals) = postSolution
		SolutionGuid = {D897ACC3-4C36-4361-B873-538368FD5436}
	EndGlobalSection
EndGlobal
