
Microsoft Visual Studio Solution File, Format Version 12.00
# Visual Studio Version 16
VisualStudioVersion = 16.0.30503.244
MinimumVisualStudioVersion = 10.0.40219.1
Project("{FAE04EC0-301F-11D3-BF4B-00C04F79EFBC}") = "RazorPagesMovie", "RazorPagesMovie.csproj", "{C3B7B776-CE29-4BAD-BA00-A0FCE338D6FE}"
EndProject
Global
	GlobalSection(SolutionConfigurationPlatforms) = preSolution
		Debug|Any CPU = Debug|Any CPU
		Release|Any CPU = Release|Any CPU
	EndGlobalSection
	GlobalSection(ProjectConfigurationPlatforms) = postSolution
		{C3B7B776-CE29-4BAD-BA00-A0FCE338D6FE}.Debug|Any CPU.ActiveCfg = Debug|Any CPU
		{C3B7B776-CE29-4BAD-BA00-A0FCE338D6FE}.Debug|Any CPU.Build.0 = Debug|Any CPU
		{C3B7B776-CE29-4BAD-BA00-A0FCE338D6FE}.Release|Any CPU.ActiveCfg = Release|Any CPU
		{C3B7B776-CE29-4BAD-BA00-A0FCE338D6FE}.Release|Any CPU.Build.0 = Release|Any CPU
	EndGlobalSection
	GlobalSection(SolutionProperties) = preSolution
		HideSolutionNode = FALSE
	EndGlobalSection
	GlobalSection(ExtensibilityGlobals) = postSolution
		SolutionGuid = {8F1CCA56-1F9F-4EC7-AED3-7B2535B780BA}
	EndGlobalSection
EndGlobal
